
Microsoft Visual Studio Solution File, Format Version 12.00
# Visual Studio Version 16
VisualStudioVersion = 16.0.34031.81
MinimumVisualStudioVersion = 10.0.40219.1
Project("{FAE04EC0-301F-11D3-BF4B-00C04F79EFBC}") = "MyEgitimAkademi_Portfolioo", "MyEgitimAkademi_Portfolioo\MyEgitimAkademi_Portfolioo.csproj", "{996F89A8-0A48-4334-810D-34A1A1756648}"
EndProject
Global
	GlobalSection(SolutionConfigurationPlatforms) = preSolution
		Debug|Any CPU = Debug|Any CPU
		Release|Any CPU = Release|Any CPU
	EndGlobalSection
	GlobalSection(ProjectConfigurationPlatforms) = postSolution
		{996F89A8-0A48-4334-810D-34A1A1756648}.Debug|Any CPU.ActiveCfg = Debug|Any CPU
		{996F89A8-0A48-4334-810D-34A1A1756648}.Debug|Any CPU.Build.0 = Debug|Any CPU
		{996F89A8-0A48-4334-810D-34A1A1756648}.Release|Any CPU.ActiveCfg = Release|Any CPU
		{996F89A8-0A48-4334-810D-34A1A1756648}.Release|Any CPU.Build.0 = Release|Any CPU
	EndGlobalSection
	GlobalSection(SolutionProperties) = preSolution
		HideSolutionNode = FALSE
	EndGlobalSection
	GlobalSection(ExtensibilityGlobals) = postSolution
		SolutionGuid = {C8A78969-D971-49A6-ACC9-F8B88663A2CA}
	EndGlobalSection
EndGlobal
